{
  "name": "functionalJS-learning-path",
  "version": "1.0.0",
  "lockfileVersion": 1,
  "requires": true,
  "dependencies": {
    "ramda": {
      "version": "0.26.1",
      "resolved": "https://globaldevtools.bbva.com:443/artifactory/api/npm/npm-repo/ramda/-/ramda-0.26.1.tgz",
      "integrity": "sha1-jUE1HrgRHFU1Nhf8O7/62OTTXQY="
    }
  }
}
